// !$*UTF8*$!
{
	archiveVersion = 1;
	classes = {
	};
	objectVersion = 50;
	objects = {

/* Begin PBXBuildFile section */
		A122B8521ECC151B6E4EAA43 /* Pods_TestApp.framework in Frameworks */ = {isa = PBXBuildFile; fileRef = 63739C589659D0FDFB359355 /* Pods_TestApp.framework */; };
		CEB6093E2152CA3200CF2AEE /* AppDelegate.swift in Sources */ = {isa = PBXBuildFile; fileRef = CEB6093D2152CA3200CF2AEE /* AppDelegate.swift */; };
		CEB609402152CA3200CF2AEE /* RepositoryListViewController.swift in Sources */ = {isa = PBXBuildFile; fileRef = CEB6093F2152CA3200CF2AEE /* RepositoryListViewController.swift */; };
		CEB609432152CA3200CF2AEE /* RepositoryList.storyboard in Resources */ = {isa = PBXBuildFile; fileRef = CEB609412152CA3200CF2AEE /* RepositoryList.storyboard */; };
		CEB609452152CA3400CF2AEE /* Assets.xcassets in Resources */ = {isa = PBXBuildFile; fileRef = CEB609442152CA3400CF2AEE /* Assets.xcassets */; };
		CEB609482152CA3400CF2AEE /* LaunchScreen.storyboard in Resources */ = {isa = PBXBuildFile; fileRef = CEB609462152CA3400CF2AEE /* LaunchScreen.storyboard */; };
		CEB609512152CCF100CF2AEE /* Default-568h@2x.png in Resources */ = {isa = PBXBuildFile; fileRef = CEB609502152CCF100CF2AEE /* Default-568h@2x.png */; };
		CEB609542152CDF000CF2AEE /* GithubAPI.swift in Sources */ = {isa = PBXBuildFile; fileRef = CEB609532152CDF000CF2AEE /* GithubAPI.swift */; };
		CEB609572152D21100CF2AEE /* Repository.swift in Sources */ = {isa = PBXBuildFile; fileRef = CEB609562152D21100CF2AEE /* Repository.swift */; };
		CEB6095A2152E05700CF2AEE /* Utils.swift in Sources */ = {isa = PBXBuildFile; fileRef = CEB609592152E05700CF2AEE /* Utils.swift */; };
		CEDFF36721543175008BED4B /* ResositoryListResponse.swift in Sources */ = {isa = PBXBuildFile; fileRef = CEDFF36621543175008BED4B /* ResositoryListResponse.swift */; };
		CEDFF36A21543AB7008BED4B /* Request.swift in Sources */ = {isa = PBXBuildFile; fileRef = CEDFF36921543AB7008BED4B /* Request.swift */; };
		CEDFF36D21543B30008BED4B /* RepositoryListDataProvider.swift in Sources */ = {isa = PBXBuildFile; fileRef = CEDFF36C21543B30008BED4B /* RepositoryListDataProvider.swift */; };
		CEDFF37321543CCC008BED4B /* RepositoryListViewModel.swift in Sources */ = {isa = PBXBuildFile; fileRef = CEDFF37221543CCC008BED4B /* RepositoryListViewModel.swift */; };
		CEDFF37521543EBF008BED4B /* Coordinator.swift in Sources */ = {isa = PBXBuildFile; fileRef = CEDFF37421543EBF008BED4B /* Coordinator.swift */; };
		CEDFF37821543EF8008BED4B /* RepositoryListCoordinator.swift in Sources */ = {isa = PBXBuildFile; fileRef = CEDFF37721543EF8008BED4B /* RepositoryListCoordinator.swift */; };
		CEDFF37C21578174008BED4B /* RepositoryTableCell.swift in Sources */ = {isa = PBXBuildFile; fileRef = CEDFF37B21578174008BED4B /* RepositoryTableCell.swift */; };
		CEDFF37E21578195008BED4B /* RepositoryTableCellViewModel.swift in Sources */ = {isa = PBXBuildFile; fileRef = CEDFF37D21578195008BED4B /* RepositoryTableCellViewModel.swift */; };
		CEDFF380215781CB008BED4B /* RepositoryTableCell.xib in Resources */ = {isa = PBXBuildFile; fileRef = CEDFF37F215781CB008BED4B /* RepositoryTableCell.xib */; };
		CEDFF38221583EEB008BED4B /* ResponseError.swift in Sources */ = {isa = PBXBuildFile; fileRef = CEDFF38121583EEB008BED4B /* ResponseError.swift */; };
/* End PBXBuildFile section */

/* Begin PBXFileReference section */
		4E8BAFEB80F1A3589C8A000A /* Pods-TestApp.debug.xcconfig */ = {isa = PBXFileReference; includeInIndex = 1; lastKnownFileType = text.xcconfig; name = "Pods-TestApp.debug.xcconfig"; path = "Pods/Target Support Files/Pods-TestApp/Pods-TestApp.debug.xcconfig"; sourceTree = "<group>"; };
		63739C589659D0FDFB359355 /* Pods_TestApp.framework */ = {isa = PBXFileReference; explicitFileType = wrapper.framework; includeInIndex = 0; path = Pods_TestApp.framework; sourceTree = BUILT_PRODUCTS_DIR; };
		CEB6093A2152CA3200CF2AEE /* TestApp.app */ = {isa = PBXFileReference; explicitFileType = wrapper.application; includeInIndex = 0; path = TestApp.app; sourceTree = BUILT_PRODUCTS_DIR; };
		CEB6093D2152CA3200CF2AEE /* AppDelegate.swift */ = {isa = PBXFileReference; lastKnownFileType = sourcecode.swift; path = AppDelegate.swift; sourceTree = "<group>"; };
		CEB6093F2152CA3200CF2AEE /* RepositoryListViewController.swift */ = {isa = PBXFileReference; lastKnownFileType = sourcecode.swift; path = RepositoryListViewController.swift; sourceTree = "<group>"; };
		CEB609422152CA3200CF2AEE /* Base */ = {isa = PBXFileReference; lastKnownFileType = file.storyboard; name = Base; path = Base.lproj/RepositoryList.storyboard; sourceTree = "<group>"; };
		CEB609442152CA3400CF2AEE /* Assets.xcassets */ = {isa = PBXFileReference; lastKnownFileType = folder.assetcatalog; path = Assets.xcassets; sourceTree = "<group>"; };
		CEB609472152CA3400CF2AEE /* Base */ = {isa = PBXFileReference; lastKnownFileType = file.storyboard; name = Base; path = Base.lproj/LaunchScreen.storyboard; sourceTree = "<group>"; };
		CEB609492152CA3400CF2AEE /* Info.plist */ = {isa = PBXFileReference; lastKnownFileType = text.plist.xml; path = Info.plist; sourceTree = "<group>"; };
		CEB609502152CCF100CF2AEE /* Default-568h@2x.png */ = {isa = PBXFileReference; lastKnownFileType = image.png; path = "Default-568h@2x.png"; sourceTree = "<group>"; };
		CEB609532152CDF000CF2AEE /* GithubAPI.swift */ = {isa = PBXFileReference; lastKnownFileType = sourcecode.swift; path = GithubAPI.swift; sourceTree = "<group>"; };
		CEB609562152D21100CF2AEE /* Repository.swift */ = {isa = PBXFileReference; lastKnownFileType = sourcecode.swift; path = Repository.swift; sourceTree = "<group>"; };
		CEB609592152E05700CF2AEE /* Utils.swift */ = {isa = PBXFileReference; lastKnownFileType = sourcecode.swift; path = Utils.swift; sourceTree = "<group>"; };
		CEDFF36621543175008BED4B /* ResositoryListResponse.swift */ = {isa = PBXFileReference; lastKnownFileType = sourcecode.swift; path = ResositoryListResponse.swift; sourceTree = "<group>"; };
		CEDFF36921543AB7008BED4B /* Request.swift */ = {isa = PBXFileReference; lastKnownFileType = sourcecode.swift; path = Request.swift; sourceTree = "<group>"; };
		CEDFF36C21543B30008BED4B /* RepositoryListDataProvider.swift */ = {isa = PBXFileReference; lastKnownFileType = sourcecode.swift; path = RepositoryListDataProvider.swift; sourceTree = "<group>"; };
		CEDFF37221543CCC008BED4B /* RepositoryListViewModel.swift */ = {isa = PBXFileReference; lastKnownFileType = sourcecode.swift; path = RepositoryListViewModel.swift; sourceTree = "<group>"; };
		CEDFF37421543EBF008BED4B /* Coordinator.swift */ = {isa = PBXFileReference; lastKnownFileType = sourcecode.swift; path = Coordinator.swift; sourceTree = "<group>"; };
		CEDFF37721543EF8008BED4B /* RepositoryListCoordinator.swift */ = {isa = PBXFileReference; lastKnownFileType = sourcecode.swift; path = RepositoryListCoordinator.swift; sourceTree = "<group>"; };
		CEDFF37B21578174008BED4B /* RepositoryTableCell.swift */ = {isa = PBXFileReference; lastKnownFileType = sourcecode.swift; path = RepositoryTableCell.swift; sourceTree = "<group>"; };
		CEDFF37D21578195008BED4B /* RepositoryTableCellViewModel.swift */ = {isa = PBXFileReference; lastKnownFileType = sourcecode.swift; path = RepositoryTableCellViewModel.swift; sourceTree = "<group>"; };
		CEDFF37F215781CB008BED4B /* RepositoryTableCell.xib */ = {isa = PBXFileReference; lastKnownFileType = file.xib; path = RepositoryTableCell.xib; sourceTree = "<group>"; };
		CEDFF38121583EEB008BED4B /* ResponseError.swift */ = {isa = PBXFileReference; lastKnownFileType = sourcecode.swift; path = ResponseError.swift; sourceTree = "<group>"; };
		EF289FA479C28174CEC95448 /* Pods-TestApp.release.xcconfig */ = {isa = PBXFileReference; includeInIndex = 1; lastKnownFileType = text.xcconfig; name = "Pods-TestApp.release.xcconfig"; path = "Pods/Target Support Files/Pods-TestApp/Pods-TestApp.release.xcconfig"; sourceTree = "<group>"; };
/* End PBXFileReference section */

/* Begin PBXFrameworksBuildPhase section */
		CEB609372152CA3200CF2AEE /* Frameworks */ = {
			isa = PBXFrameworksBuildPhase;
			buildActionMask = 2147483647;
			files = (
				A122B8521ECC151B6E4EAA43 /* Pods_TestApp.framework in Frameworks */,
			);
			runOnlyForDeploymentPostprocessing = 0;
		};
/* End PBXFrameworksBuildPhase section */

/* Begin PBXGroup section */
		9A53A8C55BEE8750FAA209B4 /* Pods */ = {
			isa = PBXGroup;
			children = (
				4E8BAFEB80F1A3589C8A000A /* Pods-TestApp.debug.xcconfig */,
				EF289FA479C28174CEC95448 /* Pods-TestApp.release.xcconfig */,
			);
			name = Pods;
			sourceTree = "<group>";
		};
		C1C5E6891977EB500D05330C /* Frameworks */ = {
			isa = PBXGroup;
			children = (
				63739C589659D0FDFB359355 /* Pods_TestApp.framework */,
			);
			name = Frameworks;
			sourceTree = "<group>";
		};
		CEB609312152CA3200CF2AEE = {
			isa = PBXGroup;
			children = (
				CEB6093C2152CA3200CF2AEE /* TestApp */,
				CEB6093B2152CA3200CF2AEE /* Products */,
				9A53A8C55BEE8750FAA209B4 /* Pods */,
				C1C5E6891977EB500D05330C /* Frameworks */,
			);
			sourceTree = "<group>";
		};
		CEB6093B2152CA3200CF2AEE /* Products */ = {
			isa = PBXGroup;
			children = (
				CEB6093A2152CA3200CF2AEE /* TestApp.app */,
			);
			name = Products;
			sourceTree = "<group>";
		};
		CEB6093C2152CA3200CF2AEE /* TestApp */ = {
			isa = PBXGroup;
			children = (
				CEB6093D2152CA3200CF2AEE /* AppDelegate.swift */,
				CEDFF37421543EBF008BED4B /* Coordinator.swift */,
				CEDFF36821543A84008BED4B /* RepositoryList */,
				CEB609522152CDDF00CF2AEE /* Network */,
				CEB609582152E04400CF2AEE /* Utils */,
				CEB6094F2152CC7900CF2AEE /* Support Files */,
			);
			path = TestApp;
			sourceTree = "<group>";
		};
		CEB6094F2152CC7900CF2AEE /* Support Files */ = {
			isa = PBXGroup;
			children = (
				CEB609462152CA3400CF2AEE /* LaunchScreen.storyboard */,
				CEB609502152CCF100CF2AEE /* Default-568h@2x.png */,
				CEB609492152CA3400CF2AEE /* Info.plist */,
				CEB609442152CA3400CF2AEE /* Assets.xcassets */,
			);
			path = "Support Files";
			sourceTree = "<group>";
		};
		CEB609522152CDDF00CF2AEE /* Network */ = {
			isa = PBXGroup;
			children = (
				CEDFF36921543AB7008BED4B /* Request.swift */,
				CEDFF38121583EEB008BED4B /* ResponseError.swift */,
			);
			path = Network;
			sourceTree = "<group>";
		};
		CEB609552152D1FC00CF2AEE /* DataModel */ = {
			isa = PBXGroup;
			children = (
				CEB609562152D21100CF2AEE /* Repository.swift */,
				CEDFF36621543175008BED4B /* ResositoryListResponse.swift */,
			);
			path = DataModel;
			sourceTree = "<group>";
		};
		CEB609582152E04400CF2AEE /* Utils */ = {
			isa = PBXGroup;
			children = (
				CEB609592152E05700CF2AEE /* Utils.swift */,
			);
			path = Utils;
			sourceTree = "<group>";
		};
		CEDFF36821543A84008BED4B /* RepositoryList */ = {
			isa = PBXGroup;
			children = (
				CEDFF37921544591008BED4B /* UI */,
				CEDFF37621543EDE008BED4B /* Coordinator */,
				CEDFF36E21543BD9008BED4B /* ViewController */,
				CEDFF36F21543BE2008BED4B /* ViewModel */,
				CEDFF37A21578152008BED4B /* Cell */,
				CEB609552152D1FC00CF2AEE /* DataModel */,
				CEDFF36B21543AFD008BED4B /* DataProvider */,
			);
			path = RepositoryList;
			sourceTree = "<group>";
		};
		CEDFF36B21543AFD008BED4B /* DataProvider */ = {
			isa = PBXGroup;
			children = (
				CEDFF36C21543B30008BED4B /* RepositoryListDataProvider.swift */,
				CEB609532152CDF000CF2AEE /* GithubAPI.swift */,
			);
			path = DataProvider;
			sourceTree = "<group>";
		};
		CEDFF36E21543BD9008BED4B /* ViewController */ = {
			isa = PBXGroup;
			children = (
				CEB6093F2152CA3200CF2AEE /* RepositoryListViewController.swift */,
			);
			path = ViewController;
			sourceTree = "<group>";
		};
		CEDFF36F21543BE2008BED4B /* ViewModel */ = {
			isa = PBXGroup;
			children = (
				CEDFF37221543CCC008BED4B /* RepositoryListViewModel.swift */,
			);
			path = ViewModel;
			sourceTree = "<group>";
		};
		CEDFF37621543EDE008BED4B /* Coordinator */ = {
			isa = PBXGroup;
			children = (
				CEDFF37721543EF8008BED4B /* RepositoryListCoordinator.swift */,
			);
			path = Coordinator;
			sourceTree = "<group>";
		};
		CEDFF37921544591008BED4B /* UI */ = {
			isa = PBXGroup;
			children = (
				CEB609412152CA3200CF2AEE /* RepositoryList.storyboard */,
			);
			path = UI;
			sourceTree = "<group>";
		};
		CEDFF37A21578152008BED4B /* Cell */ = {
			isa = PBXGroup;
			children = (
				CEDFF37B21578174008BED4B /* RepositoryTableCell.swift */,
				CEDFF37D21578195008BED4B /* RepositoryTableCellViewModel.swift */,
				CEDFF37F215781CB008BED4B /* RepositoryTableCell.xib */,
			);
			path = Cell;
			sourceTree = "<group>";
		};
/* End PBXGroup section */

/* Begin PBXNativeTarget section */
		CEB609392152CA3200CF2AEE /* TestApp */ = {
			isa = PBXNativeTarget;
			buildConfigurationList = CEB6094C2152CA3400CF2AEE /* Build configuration list for PBXNativeTarget "TestApp" */;
			buildPhases = (
				1FA0C561B0B9513A2C1ED83D /* [CP] Check Pods Manifest.lock */,
				CEB609362152CA3200CF2AEE /* Sources */,
				CEB609372152CA3200CF2AEE /* Frameworks */,
				CEB609382152CA3200CF2AEE /* Resources */,
				0CD0B141091BBE46D3BA7113 /* [CP] Embed Pods Frameworks */,
			);
			buildRules = (
			);
			dependencies = (
			);
			name = TestApp;
			productName = TestApp;
			productReference = CEB6093A2152CA3200CF2AEE /* TestApp.app */;
			productType = "com.apple.product-type.application";
		};
/* End PBXNativeTarget section */

/* Begin PBXProject section */
		CEB609322152CA3200CF2AEE /* Project object */ = {
			isa = PBXProject;
			attributes = {
				LastSwiftUpdateCheck = 1000;
				LastUpgradeCheck = 1000;
				ORGANIZATIONNAME = valerii;
				TargetAttributes = {
					CEB609392152CA3200CF2AEE = {
						CreatedOnToolsVersion = 10.0;
					};
				};
			};
			buildConfigurationList = CEB609352152CA3200CF2AEE /* Build configuration list for PBXProject "TestApp" */;
			compatibilityVersion = "Xcode 9.3";
			developmentRegion = en;
			hasScannedForEncodings = 0;
			knownRegions = (
				en,
				Base,
			);
			mainGroup = CEB609312152CA3200CF2AEE;
			productRefGroup = CEB6093B2152CA3200CF2AEE /* Products */;
			projectDirPath = "";
			projectRoot = "";
			targets = (
				CEB609392152CA3200CF2AEE /* TestApp */,
			);
		};
/* End PBXProject section */

/* Begin PBXResourcesBuildPhase section */
		CEB609382152CA3200CF2AEE /* Resources */ = {
			isa = PBXResourcesBuildPhase;
			buildActionMask = 2147483647;
			files = (
				CEB609482152CA3400CF2AEE /* LaunchScreen.storyboard in Resources */,
				CEB609512152CCF100CF2AEE /* Default-568h@2x.png in Resources */,
				CEDFF380215781CB008BED4B /* RepositoryTableCell.xib in Resources */,
				CEB609452152CA3400CF2AEE /* Assets.xcassets in Resources */,
				CEB609432152CA3200CF2AEE /* RepositoryList.storyboard in Resources */,
			);
			runOnlyForDeploymentPostprocessing = 0;
		};
/* End PBXResourcesBuildPhase section */

/* Begin PBXShellScriptBuildPhase section */
		0CD0B141091BBE46D3BA7113 /* [CP] Embed Pods Frameworks */ = {
			isa = PBXShellScriptBuildPhase;
			buildActionMask = 2147483647;
			files = (
			);
			inputPaths = (
				"${SRCROOT}/Pods/Target Support Files/Pods-TestApp/Pods-TestApp-frameworks.sh",
				"${BUILT_PRODUCTS_DIR}/Alamofire/Alamofire.framework",
				"${BUILT_PRODUCTS_DIR}/Kingfisher/Kingfisher.framework",
			);
			name = "[CP] Embed Pods Frameworks";
			outputPaths = (
				"${TARGET_BUILD_DIR}/${FRAMEWORKS_FOLDER_PATH}/Alamofire.framework",
				"${TARGET_BUILD_DIR}/${FRAMEWORKS_FOLDER_PATH}/Kingfisher.framework",
			);
			runOnlyForDeploymentPostprocessing = 0;
			shellPath = /bin/sh;
			shellScript = "\"${SRCROOT}/Pods/Target Support Files/Pods-TestApp/Pods-TestApp-frameworks.sh\"\n";
			showEnvVarsInLog = 0;
		};
		1FA0C561B0B9513A2C1ED83D /* [CP] Check Pods Manifest.lock */ = {
			isa = PBXShellScriptBuildPhase;
			buildActionMask = 2147483647;
			files = (
			);
			inputPaths = (
				"${PODS_PODFILE_DIR_PATH}/Podfile.lock",
				"${PODS_ROOT}/Manifest.lock",
			);
			name = "[CP] Check Pods Manifest.lock";
			outputPaths = (
				"$(DERIVED_FILE_DIR)/Pods-TestApp-checkManifestLockResult.txt",
			);
			runOnlyForDeploymentPostprocessing = 0;
			shellPath = /bin/sh;
			shellScript = "diff \"${PODS_PODFILE_DIR_PATH}/Podfile.lock\" \"${PODS_ROOT}/Manifest.lock\" > /dev/null\nif [ $? != 0 ] ; then\n    # print error to STDERR\n    echo \"error: The sandbox is not in sync with the Podfile.lock. Run 'pod install' or update your CocoaPods installation.\" >&2\n    exit 1\nfi\n# This output is used by Xcode 'outputs' to avoid re-running this script phase.\necho \"SUCCESS\" > \"${SCRIPT_OUTPUT_FILE_0}\"\n";
			showEnvVarsInLog = 0;
		};
/* End PBXShellScriptBuildPhase section */

/* Begin PBXSourcesBuildPhase section */
		CEB609362152CA3200CF2AEE /* Sources */ = {
			isa = PBXSourcesBuildPhase;
			buildActionMask = 2147483647;
			files = (
				CEDFF37821543EF8008BED4B /* RepositoryListCoordinator.swift in Sources */,
				CEDFF36D21543B30008BED4B /* RepositoryListDataProvider.swift in Sources */,
				CEB6095A2152E05700CF2AEE /* Utils.swift in Sources */,
				CEDFF37521543EBF008BED4B /* Coordinator.swift in Sources */,
				CEB609402152CA3200CF2AEE /* RepositoryListViewController.swift in Sources */,
				CEB609542152CDF000CF2AEE /* GithubAPI.swift in Sources */,
				CEDFF37E21578195008BED4B /* RepositoryTableCellViewModel.swift in Sources */,
				CEDFF36721543175008BED4B /* ResositoryListResponse.swift in Sources */,
				CEDFF36A21543AB7008BED4B /* Request.swift in Sources */,
				CEDFF37C21578174008BED4B /* RepositoryTableCell.swift in Sources */,
				CEDFF37321543CCC008BED4B /* RepositoryListViewModel.swift in Sources */,
				CEB6093E2152CA3200CF2AEE /* AppDelegate.swift in Sources */,
				CEB609572152D21100CF2AEE /* Repository.swift in Sources */,
				CEDFF38221583EEB008BED4B /* ResponseError.swift in Sources */,
			);
			runOnlyForDeploymentPostprocessing = 0;
		};
/* End PBXSourcesBuildPhase section */

/* Begin PBXVariantGroup section */
		CEB609412152CA3200CF2AEE /* RepositoryList.storyboard */ = {
			isa = PBXVariantGroup;
			children = (
				CEB609422152CA3200CF2AEE /* Base */,
			);
			name = RepositoryList.storyboard;
			sourceTree = "<group>";
		};
		CEB609462152CA3400CF2AEE /* LaunchScreen.storyboard */ = {
			isa = PBXVariantGroup;
			children = (
				CEB609472152CA3400CF2AEE /* Base */,
			);
			name = LaunchScreen.storyboard;
			sourceTree = "<group>";
		};
/* End PBXVariantGroup section */

/* Begin XCBuildConfiguration section */
		CEB6094A2152CA3400CF2AEE /* Debug */ = {
			isa = XCBuildConfiguration;
			buildSettings = {
				ALWAYS_SEARCH_USER_PATHS = NO;
				CLANG_ANALYZER_NONNULL = YES;
				CLANG_ANALYZER_NUMBER_OBJECT_CONVERSION = YES_AGGRESSIVE;
				CLANG_CXX_LANGUAGE_STANDARD = "gnu++14";
				CLANG_CXX_LIBRARY = "libc++";
				CLANG_ENABLE_MODULES = YES;
				CLANG_ENABLE_OBJC_ARC = YES;
				CLANG_ENABLE_OBJC_WEAK = YES;
				CLANG_WARN_BLOCK_CAPTURE_AUTORELEASING = YES;
				CLANG_WARN_BOOL_CONVERSION = YES;
				CLANG_WARN_COMMA = YES;
				CLANG_WARN_CONSTANT_CONVERSION = YES;
				CLANG_WARN_DEPRECATED_OBJC_IMPLEMENTATIONS = YES;
				CLANG_WARN_DIRECT_OBJC_ISA_USAGE = YES_ERROR;
				CLANG_WARN_DOCUMENTATION_COMMENTS = YES;
				CLANG_WARN_EMPTY_BODY = YES;
				CLANG_WARN_ENUM_CONVERSION = YES;
				CLANG_WARN_INFINITE_RECURSION = YES;
				CLANG_WARN_INT_CONVERSION = YES;
				CLANG_WARN_NON_LITERAL_NULL_CONVERSION = YES;
				CLANG_WARN_OBJC_IMPLICIT_RETAIN_SELF = YES;
				CLANG_WARN_OBJC_LITERAL_CONVERSION = YES;
				CLANG_WARN_OBJC_ROOT_CLASS = YES_ERROR;
				CLANG_WARN_RANGE_LOOP_ANALYSIS = YES;
				CLANG_WARN_STRICT_PROTOTYPES = YES;
				CLANG_WARN_SUSPICIOUS_MOVE = YES;
				CLANG_WARN_UNGUARDED_AVAILABILITY = YES_AGGRESSIVE;
				CLANG_WARN_UNREACHABLE_CODE = YES;
				CLANG_WARN__DUPLICATE_METHOD_MATCH = YES;
				CODE_SIGN_IDENTITY = "iPhone Developer";
				COPY_PHASE_STRIP = NO;
				DEBUG_INFORMATION_FORMAT = dwarf;
				ENABLE_STRICT_OBJC_MSGSEND = YES;
				ENABLE_TESTABILITY = YES;
				GCC_C_LANGUAGE_STANDARD = gnu11;
				GCC_DYNAMIC_NO_PIC = NO;
				GCC_NO_COMMON_BLOCKS = YES;
				GCC_OPTIMIZATION_LEVEL = 0;
				GCC_PREPROCESSOR_DEFINITIONS = (
					"DEBUG=1",
					"$(inherited)",
				);
				GCC_WARN_64_TO_32_BIT_CONVERSION = YES;
				GCC_WARN_ABOUT_RETURN_TYPE = YES_ERROR;
				GCC_WARN_UNDECLARED_SELECTOR = YES;
				GCC_WARN_UNINITIALIZED_AUTOS = YES_AGGRESSIVE;
				GCC_WARN_UNUSED_FUNCTION = YES;
				GCC_WARN_UNUSED_VARIABLE = YES;
				IPHONEOS_DEPLOYMENT_TARGET = 12.0;
				MTL_ENABLE_DEBUG_INFO = INCLUDE_SOURCE;
				MTL_FAST_MATH = YES;
				ONLY_ACTIVE_ARCH = YES;
				SDKROOT = iphoneos;
				SWIFT_ACTIVE_COMPILATION_CONDITIONS = DEBUG;
				SWIFT_OPTIMIZATION_LEVEL = "-Onone";
			};
			name = Debug;
		};
		CEB6094B2152CA3400CF2AEE /* Release */ = {
			isa = XCBuildConfiguration;
			buildSettings = {
				ALWAYS_SEARCH_USER_PATHS = NO;
				CLANG_ANALYZER_NONNULL = YES;
				CLANG_ANALYZER_NUMBER_OBJECT_CONVERSION = YES_AGGRESSIVE;
				CLANG_CXX_LANGUAGE_STANDARD = "gnu++14";
				CLANG_CXX_LIBRARY = "libc++";
				CLANG_ENABLE_MODULES = YES;
				CLANG_ENABLE_OBJC_ARC = YES;
				CLANG_ENABLE_OBJC_WEAK = YES;
				CLANG_WARN_BLOCK_CAPTURE_AUTORELEASING = YES;
				CLANG_WARN_BOOL_CONVERSION = YES;
				CLANG_WARN_COMMA = YES;
				CLANG_WARN_CONSTANT_CONVERSION = YES;
				CLANG_WARN_DEPRECATED_OBJC_IMPLEMENTATIONS = YES;
				CLANG_WARN_DIRECT_OBJC_ISA_USAGE = YES_ERROR;
				CLANG_WARN_DOCUMENTATION_COMMENTS = YES;
				CLANG_WARN_EMPTY_BODY = YES;
				CLANG_WARN_ENUM_CONVERSION = YES;
				CLANG_WARN_INFINITE_RECURSION = YES;
				CLANG_WARN_INT_CONVERSION = YES;
				CLANG_WARN_NON_LITERAL_NULL_CONVERSION = YES;
				CLANG_WARN_OBJC_IMPLICIT_RETAIN_SELF = YES;
				CLANG_WARN_OBJC_LITERAL_CONVERSION = YES;
				CLANG_WARN_OBJC_ROOT_CLASS = YES_ERROR;
				CLANG_WARN_RANGE_LOOP_ANALYSIS = YES;
				CLANG_WARN_STRICT_PROTOTYPES = YES;
				CLANG_WARN_SUSPICIOUS_MOVE = YES;
				CLANG_WARN_UNGUARDED_AVAILABILITY = YES_AGGRESSIVE;
				CLANG_WARN_UNREACHABLE_CODE = YES;
				CLANG_WARN__DUPLICATE_METHOD_MATCH = YES;
				CODE_SIGN_IDENTITY = "iPhone Developer";
				COPY_PHASE_STRIP = NO;
				DEBUG_INFORMATION_FORMAT = "dwarf-with-dsym";
				ENABLE_NS_ASSERTIONS = NO;
				ENABLE_STRICT_OBJC_MSGSEND = YES;
				GCC_C_LANGUAGE_STANDARD = gnu11;
				GCC_NO_COMMON_BLOCKS = YES;
				GCC_WARN_64_TO_32_BIT_CONVERSION = YES;
				GCC_WARN_ABOUT_RETURN_TYPE = YES_ERROR;
				GCC_WARN_UNDECLARED_SELECTOR = YES;
				GCC_WARN_UNINITIALIZED_AUTOS = YES_AGGRESSIVE;
				GCC_WARN_UNUSED_FUNCTION = YES;
				GCC_WARN_UNUSED_VARIABLE = YES;
				IPHONEOS_DEPLOYMENT_TARGET = 12.0;
				MTL_ENABLE_DEBUG_INFO = NO;
				MTL_FAST_MATH = YES;
				SDKROOT = iphoneos;
				SWIFT_COMPILATION_MODE = wholemodule;
				SWIFT_OPTIMIZATION_LEVEL = "-O";
				VALIDATE_PRODUCT = YES;
			};
			name = Release;
		};
		CEB6094D2152CA3400CF2AEE /* Debug */ = {
			isa = XCBuildConfiguration;
			baseConfigurationReference = 4E8BAFEB80F1A3589C8A000A /* Pods-TestApp.debug.xcconfig */;
			buildSettings = {
				ASSETCATALOG_COMPILER_APPICON_NAME = AppIcon;
				CODE_SIGN_STYLE = Automatic;
				DEVELOPMENT_TEAM = T47R49PH7P;
				INFOPLIST_FILE = "$(SRCROOT)/TestApp/Support Files/Info.plist";
				LD_RUNPATH_SEARCH_PATHS = (
					"$(inherited)",
					"@executable_path/Frameworks",
				);
				PRODUCT_BUNDLE_IDENTIFIER = com.test.TestApp;
				PRODUCT_NAME = "$(TARGET_NAME)";
				SWIFT_VERSION = 4.2;
				TARGETED_DEVICE_FAMILY = "1,2";
			};
			name = Debug;
		};
		CEB6094E2152CA3400CF2AEE /* Release */ = {
			isa = XCBuildConfiguration;
			baseConfigurationReference = EF289FA479C28174CEC95448 /* Pods-TestApp.release.xcconfig */;
			buildSettings = {
				ASSETCATALOG_COMPILER_APPICON_NAME = AppIcon;
				CODE_SIGN_STYLE = Automatic;
				DEVELOPMENT_TEAM = T47R49PH7P;
				INFOPLIST_FILE = "$(SRCROOT)/TestApp/Support Files/Info.plist";
				LD_RUNPATH_SEARCH_PATHS = (
					"$(inherited)",
					"@executable_path/Frameworks",
				);
				PRODUCT_BUNDLE_IDENTIFIER = com.test.TestApp;
				PRODUCT_NAME = "$(TARGET_NAME)";
				SWIFT_VERSION = 4.2;
				TARGETED_DEVICE_FAMILY = "1,2";
			};
			name = Release;
		};
/* End XCBuildConfiguration section */

/* Begin XCConfigurationList section */
		CEB609352152CA3200CF2AEE /* Build configuration list for PBXProject "TestApp" */ = {
			isa = XCConfigurationList;
			buildConfigurations = (
				CEB6094A2152CA3400CF2AEE /* Debug */,
				CEB6094B2152CA3400CF2AEE /* Release */,
			);
			defaultConfigurationIsVisible = 0;
			defaultConfigurationName = Release;
		};
		CEB6094C2152CA3400CF2AEE /* Build configuration list for PBXNativeTarget "TestApp" */ = {
			isa = XCConfigurationList;
			buildConfigurations = (
				CEB6094D2152CA3400CF2AEE /* Debug */,
				CEB6094E2152CA3400CF2AEE /* Release */,
			);
			defaultConfigurationIsVisible = 0;
			defaultConfigurationName = Release;
		};
/* End XCConfigurationList section */
	};
	rootObject = CEB609322152CA3200CF2AEE /* Project object */;
}
